// !$*UTF8*$!
{
	archiveVersion = 1;
	classes = {
	};
	objectVersion = 55;
	objects = {

/* Begin PBXBuildFile section */
		09C0D73127DC7BB800990047 /* TodoReminderApp.swift in Sources */ = {isa = PBXBuildFile; fileRef = 09C0D73027DC7BB800990047 /* TodoReminderApp.swift */; };
		09C0D73527DC7BBF00990047 /* Assets.xcassets in Resources */ = {isa = PBXBuildFile; fileRef = 09C0D73427DC7BBF00990047 /* Assets.xcassets */; };
		09C0D74727DC7BC100990047 /* TodoReminderTests.swift in Sources */ = {isa = PBXBuildFile; fileRef = 09C0D74627DC7BC100990047 /* TodoReminderTests.swift */; };
		09C0D75127DC7BC100990047 /* TodoReminderUITests.swift in Sources */ = {isa = PBXBuildFile; fileRef = 09C0D75027DC7BC100990047 /* TodoReminderUITests.swift */; };
		09C0D75327DC7BC100990047 /* TodoReminderUITestsLaunchTests.swift in Sources */ = {isa = PBXBuildFile; fileRef = 09C0D75227DC7BC100990047 /* TodoReminderUITestsLaunchTests.swift */; };
		09C0D76227DC854500990047 /* TodoListView.swift in Sources */ = {isa = PBXBuildFile; fileRef = 09C0D76127DC854500990047 /* TodoListView.swift */; };
		09C0D76527DC884700990047 /* Todo.xcdatamodeld in Sources */ = {isa = PBXBuildFile; fileRef = 09C0D76327DC884700990047 /* Todo.xcdatamodeld */; };
		09C0D76D27DC912D00990047 /* TodoListStore.swift in Sources */ = {isa = PBXBuildFile; fileRef = 09C0D76C27DC912D00990047 /* TodoListStore.swift */; };
		09C0D76F27DC963900990047 /* TodoListViewModel.swift in Sources */ = {isa = PBXBuildFile; fileRef = 09C0D76E27DC963900990047 /* TodoListViewModel.swift */; };
		09C0D77227DC96A200990047 /* TodoDetailView.swift in Sources */ = {isa = PBXBuildFile; fileRef = 09C0D77127DC96A200990047 /* TodoDetailView.swift */; };
		09C0D77527DC9BBA00990047 /* Preview Assets.xcassets in Resources */ = {isa = PBXBuildFile; fileRef = 09C0D77427DC9BBA00990047 /* Preview Assets.xcassets */; };
		09C0D77827DCD22A00990047 /* AddTodoView.swift in Sources */ = {isa = PBXBuildFile; fileRef = 09C0D77727DCD22A00990047 /* AddTodoView.swift */; };
		09C0D78027DCE63D00990047 /* WidgetKit.framework in Frameworks */ = {isa = PBXBuildFile; fileRef = 09C0D77F27DCE63D00990047 /* WidgetKit.framework */; };
		09C0D78227DCE63D00990047 /* SwiftUI.framework in Frameworks */ = {isa = PBXBuildFile; fileRef = 09C0D78127DCE63D00990047 /* SwiftUI.framework */; };
		09C0D78527DCE63D00990047 /* TodoWidget.swift in Sources */ = {isa = PBXBuildFile; fileRef = 09C0D78427DCE63D00990047 /* TodoWidget.swift */; };
		09C0D78727DCE64000990047 /* Assets.xcassets in Resources */ = {isa = PBXBuildFile; fileRef = 09C0D78627DCE64000990047 /* Assets.xcassets */; };
		09C0D78B27DCE64000990047 /* TodoWidgetExtension.appex in Embed App Extensions */ = {isa = PBXBuildFile; fileRef = 09C0D77D27DCE63D00990047 /* TodoWidgetExtension.appex */; settings = {ATTRIBUTES = (RemoveHeadersOnCopy, ); }; };
		09C0D79227DD157B00990047 /* Todo.xcdatamodeld in Sources */ = {isa = PBXBuildFile; fileRef = 09C0D76327DC884700990047 /* Todo.xcdatamodeld */; };
		09C0D79327DD19FA00990047 /* TodoListStore.swift in Sources */ = {isa = PBXBuildFile; fileRef = 09C0D76C27DC912D00990047 /* TodoListStore.swift */; };
		09C0D79627DD1AB000990047 /* TodoWidgetType.swift in Sources */ = {isa = PBXBuildFile; fileRef = 09C0D79427DD1A4C00990047 /* TodoWidgetType.swift */; };
		09C0D79827DDCC0C00990047 /* PrioritySelection.intentdefinition in Sources */ = {isa = PBXBuildFile; fileRef = 09C0D79727DDCC0C00990047 /* PrioritySelection.intentdefinition */; };
		09C0D79927DDCC2100990047 /* PrioritySelection.intentdefinition in Sources */ = {isa = PBXBuildFile; fileRef = 09C0D79727DDCC0C00990047 /* PrioritySelection.intentdefinition */; };
		09C0D79C27DDD25C00990047 /* PriorityWidget.swift in Sources */ = {isa = PBXBuildFile; fileRef = 09C0D79B27DDD25C00990047 /* PriorityWidget.swift */; };
		09C0D7C627DDD9D100990047 /* TodoWidgetBundle.swift in Sources */ = {isa = PBXBuildFile; fileRef = 09C0D7C527DDD9D100990047 /* TodoWidgetBundle.swift */; };
/* End PBXBuildFile section */

/* Begin PBXContainerItemProxy section */
		09C0D74327DC7BC100990047 /* PBXContainerItemProxy */ = {
			isa = PBXContainerItemProxy;
			containerPortal = 09C0D72527DC7BB800990047 /* Project object */;
			proxyType = 1;
			remoteGlobalIDString = 09C0D72C27DC7BB800990047;
			remoteInfo = TodoReminder;
		};
		09C0D74D27DC7BC100990047 /* PBXContainerItemProxy */ = {
			isa = PBXContainerItemProxy;
			containerPortal = 09C0D72527DC7BB800990047 /* Project object */;
			proxyType = 1;
			remoteGlobalIDString = 09C0D72C27DC7BB800990047;
			remoteInfo = TodoReminder;
		};
		09C0D78927DCE64000990047 /* PBXContainerItemProxy */ = {
			isa = PBXContainerItemProxy;
			containerPortal = 09C0D72527DC7BB800990047 /* Project object */;
			proxyType = 1;
			remoteGlobalIDString = 09C0D77C27DCE63D00990047;
			remoteInfo = TodoWidgetExtension;
		};
/* End PBXContainerItemProxy section */

/* Begin PBXCopyFilesBuildPhase section */
		09C0D78F27DCE64000990047 /* Embed App Extensions */ = {
			isa = PBXCopyFilesBuildPhase;
			buildActionMask = 2147483647;
			dstPath = "";
			dstSubfolderSpec = 13;
			files = (
				09C0D78B27DCE64000990047 /* TodoWidgetExtension.appex in Embed App Extensions */,
			);
			name = "Embed App Extensions";
			runOnlyForDeploymentPostprocessing = 0;
		};
/* End PBXCopyFilesBuildPhase section */

/* Begin PBXFileReference section */
		09C0D72D27DC7BB800990047 /* TodoReminder.app */ = {isa = PBXFileReference; explicitFileType = wrapper.application; includeInIndex = 0; path = TodoReminder.app; sourceTree = BUILT_PRODUCTS_DIR; };
		09C0D73027DC7BB800990047 /* TodoReminderApp.swift */ = {isa = PBXFileReference; lastKnownFileType = sourcecode.swift; path = TodoReminderApp.swift; sourceTree = "<group>"; };
		09C0D73427DC7BBF00990047 /* Assets.xcassets */ = {isa = PBXFileReference; lastKnownFileType = folder.assetcatalog; path = Assets.xcassets; sourceTree = "<group>"; };
		09C0D74227DC7BC100990047 /* TodoReminderTests.xctest */ = {isa = PBXFileReference; explicitFileType = wrapper.cfbundle; includeInIndex = 0; path = TodoReminderTests.xctest; sourceTree = BUILT_PRODUCTS_DIR; };
		09C0D74627DC7BC100990047 /* TodoReminderTests.swift */ = {isa = PBXFileReference; lastKnownFileType = sourcecode.swift; path = TodoReminderTests.swift; sourceTree = "<group>"; };
		09C0D74C27DC7BC100990047 /* TodoReminderUITests.xctest */ = {isa = PBXFileReference; explicitFileType = wrapper.cfbundle; includeInIndex = 0; path = TodoReminderUITests.xctest; sourceTree = BUILT_PRODUCTS_DIR; };
		09C0D75027DC7BC100990047 /* TodoReminderUITests.swift */ = {isa = PBXFileReference; lastKnownFileType = sourcecode.swift; path = TodoReminderUITests.swift; sourceTree = "<group>"; };
		09C0D75227DC7BC100990047 /* TodoReminderUITestsLaunchTests.swift */ = {isa = PBXFileReference; lastKnownFileType = sourcecode.swift; path = TodoReminderUITestsLaunchTests.swift; sourceTree = "<group>"; };
		09C0D76127DC854500990047 /* TodoListView.swift */ = {isa = PBXFileReference; lastKnownFileType = sourcecode.swift; path = TodoListView.swift; sourceTree = "<group>"; };
		09C0D76427DC884700990047 /* Todo.xcdatamodel */ = {isa = PBXFileReference; lastKnownFileType = wrapper.xcdatamodel; path = Todo.xcdatamodel; sourceTree = "<group>"; };
		09C0D76C27DC912D00990047 /* TodoListStore.swift */ = {isa = PBXFileReference; lastKnownFileType = sourcecode.swift; path = TodoListStore.swift; sourceTree = "<group>"; };
		09C0D76E27DC963900990047 /* TodoListViewModel.swift */ = {isa = PBXFileReference; lastKnownFileType = sourcecode.swift; path = TodoListViewModel.swift; sourceTree = "<group>"; };
		09C0D77127DC96A200990047 /* TodoDetailView.swift */ = {isa = PBXFileReference; lastKnownFileType = sourcecode.swift; path = TodoDetailView.swift; sourceTree = "<group>"; };
		09C0D77427DC9BBA00990047 /* Preview Assets.xcassets */ = {isa = PBXFileReference; lastKnownFileType = folder.assetcatalog; path = "Preview Assets.xcassets"; sourceTree = "<group>"; };
		09C0D77727DCD22A00990047 /* AddTodoView.swift */ = {isa = PBXFileReference; lastKnownFileType = sourcecode.swift; path = AddTodoView.swift; sourceTree = "<group>"; };
		09C0D77D27DCE63D00990047 /* TodoWidgetExtension.appex */ = {isa = PBXFileReference; explicitFileType = "wrapper.app-extension"; includeInIndex = 0; path = TodoWidgetExtension.appex; sourceTree = BUILT_PRODUCTS_DIR; };
		09C0D77F27DCE63D00990047 /* WidgetKit.framework */ = {isa = PBXFileReference; lastKnownFileType = wrapper.framework; name = WidgetKit.framework; path = System/Library/Frameworks/WidgetKit.framework; sourceTree = SDKROOT; };
		09C0D78127DCE63D00990047 /* SwiftUI.framework */ = {isa = PBXFileReference; lastKnownFileType = wrapper.framework; name = SwiftUI.framework; path = System/Library/Frameworks/SwiftUI.framework; sourceTree = SDKROOT; };
		09C0D78427DCE63D00990047 /* TodoWidget.swift */ = {isa = PBXFileReference; lastKnownFileType = sourcecode.swift; path = TodoWidget.swift; sourceTree = "<group>"; };
		09C0D78627DCE64000990047 /* Assets.xcassets */ = {isa = PBXFileReference; lastKnownFileType = folder.assetcatalog; path = Assets.xcassets; sourceTree = "<group>"; };
		09C0D78827DCE64000990047 /* Info.plist */ = {isa = PBXFileReference; lastKnownFileType = text.plist.xml; path = Info.plist; sourceTree = "<group>"; };
		09C0D79027DD0AD300990047 /* TodoReminder.entitlements */ = {isa = PBXFileReference; lastKnownFileType = text.plist.entitlements; path = TodoReminder.entitlements; sourceTree = "<group>"; };
		09C0D79127DD0B4C00990047 /* TodoWidgetExtension.entitlements */ = {isa = PBXFileReference; lastKnownFileType = text.plist.entitlements; path = TodoWidgetExtension.entitlements; sourceTree = "<group>"; };
		09C0D79427DD1A4C00990047 /* TodoWidgetType.swift */ = {isa = PBXFileReference; lastKnownFileType = sourcecode.swift; path = TodoWidgetType.swift; sourceTree = "<group>"; };
		09C0D79727DDCC0C00990047 /* PrioritySelection.intentdefinition */ = {isa = PBXFileReference; lastKnownFileType = file.intentdefinition; path = PrioritySelection.intentdefinition; sourceTree = "<group>"; };
		09C0D79A27DDCFC600990047 /* Info.plist */ = {isa = PBXFileReference; lastKnownFileType = text.plist; path = Info.plist; sourceTree = "<group>"; };
		09C0D79B27DDD25C00990047 /* PriorityWidget.swift */ = {isa = PBXFileReference; lastKnownFileType = sourcecode.swift; path = PriorityWidget.swift; sourceTree = "<group>"; };
		09C0D7C527DDD9D100990047 /* TodoWidgetBundle.swift */ = {isa = PBXFileReference; lastKnownFileType = sourcecode.swift; path = TodoWidgetBundle.swift; sourceTree = "<group>"; };
/* End PBXFileReference section */

/* Begin PBXFrameworksBuildPhase section */
		09C0D72A27DC7BB800990047 /* Frameworks */ = {
			isa = PBXFrameworksBuildPhase;
			buildActionMask = 2147483647;
			files = (
			);
			runOnlyForDeploymentPostprocessing = 0;
		};
		09C0D73F27DC7BC100990047 /* Frameworks */ = {
			isa = PBXFrameworksBuildPhase;
			buildActionMask = 2147483647;
			files = (
			);
			runOnlyForDeploymentPostprocessing = 0;
		};
		09C0D74927DC7BC100990047 /* Frameworks */ = {
			isa = PBXFrameworksBuildPhase;
			buildActionMask = 2147483647;
			files = (
			);
			runOnlyForDeploymentPostprocessing = 0;
		};
		09C0D77A27DCE63D00990047 /* Frameworks */ = {
			isa = PBXFrameworksBuildPhase;
			buildActionMask = 2147483647;
			files = (
				09C0D78227DCE63D00990047 /* SwiftUI.framework in Frameworks */,
				09C0D78027DCE63D00990047 /* WidgetKit.framework in Frameworks */,
			);
			runOnlyForDeploymentPostprocessing = 0;
		};
/* End PBXFrameworksBuildPhase section */

/* Begin PBXGroup section */
		09C0D72427DC7BB800990047 = {
			isa = PBXGroup;
			children = (
				09C0D79127DD0B4C00990047 /* TodoWidgetExtension.entitlements */,
				09C0D72F27DC7BB800990047 /* TodoReminder */,
				09C0D74527DC7BC100990047 /* TodoReminderTests */,
				09C0D74F27DC7BC100990047 /* TodoReminderUITests */,
				09C0D78327DCE63D00990047 /* TodoWidget */,
				09C0D77E27DCE63D00990047 /* Frameworks */,
				09C0D72E27DC7BB800990047 /* Products */,
			);
			sourceTree = "<group>";
		};
		09C0D72E27DC7BB800990047 /* Products */ = {
			isa = PBXGroup;
			children = (
				09C0D72D27DC7BB800990047 /* TodoReminder.app */,
				09C0D74227DC7BC100990047 /* TodoReminderTests.xctest */,
				09C0D74C27DC7BC100990047 /* TodoReminderUITests.xctest */,
				09C0D77D27DCE63D00990047 /* TodoWidgetExtension.appex */,
			);
			name = Products;
			sourceTree = "<group>";
		};
		09C0D72F27DC7BB800990047 /* TodoReminder */ = {
			isa = PBXGroup;
			children = (
				09C0D79A27DDCFC600990047 /* Info.plist */,
				09C0D79027DD0AD300990047 /* TodoReminder.entitlements */,
				09C0D76627DC8A2500990047 /* App */,
				09C0D75F27DC850E00990047 /* Views */,
				09C0D76727DC8A4B00990047 /* Model */,
				09C0D73427DC7BBF00990047 /* Assets.xcassets */,
				09C0D77327DC9B2B00990047 /* Preview Content */,
			);
			path = TodoReminder;
			sourceTree = "<group>";
		};
		09C0D74527DC7BC100990047 /* TodoReminderTests */ = {
			isa = PBXGroup;
			children = (
				09C0D74627DC7BC100990047 /* TodoReminderTests.swift */,
			);
			path = TodoReminderTests;
			sourceTree = "<group>";
		};
		09C0D74F27DC7BC100990047 /* TodoReminderUITests */ = {
			isa = PBXGroup;
			children = (
				09C0D75027DC7BC100990047 /* TodoReminderUITests.swift */,
				09C0D75227DC7BC100990047 /* TodoReminderUITestsLaunchTests.swift */,
			);
			path = TodoReminderUITests;
			sourceTree = "<group>";
		};
		09C0D75F27DC850E00990047 /* Views */ = {
			isa = PBXGroup;
			children = (
				09C0D77627DCD1FF00990047 /* AddTodo */,
				09C0D77027DC968A00990047 /* TodoDetail */,
				09C0D76027DC852D00990047 /* TodoList */,
			);
			path = Views;
			sourceTree = "<group>";
		};
		09C0D76027DC852D00990047 /* TodoList */ = {
			isa = PBXGroup;
			children = (
				09C0D76127DC854500990047 /* TodoListView.swift */,
				09C0D76E27DC963900990047 /* TodoListViewModel.swift */,
			);
			path = TodoList;
			sourceTree = "<group>";
		};
		09C0D76627DC8A2500990047 /* App */ = {
			isa = PBXGroup;
			children = (
				09C0D73027DC7BB800990047 /* TodoReminderApp.swift */,
			);
			path = App;
			sourceTree = "<group>";
		};
		09C0D76727DC8A4B00990047 /* Model */ = {
			isa = PBXGroup;
			children = (
				09C0D76327DC884700990047 /* Todo.xcdatamodeld */,
				09C0D76C27DC912D00990047 /* TodoListStore.swift */,
			);
			path = Model;
			sourceTree = "<group>";
		};
		09C0D77027DC968A00990047 /* TodoDetail */ = {
			isa = PBXGroup;
			children = (
				09C0D77127DC96A200990047 /* TodoDetailView.swift */,
			);
			path = TodoDetail;
			sourceTree = "<group>";
		};
		09C0D77327DC9B2B00990047 /* Preview Content */ = {
			isa = PBXGroup;
			children = (
				09C0D77427DC9BBA00990047 /* Preview Assets.xcassets */,
			);
			path = "Preview Content";
			sourceTree = "<group>";
		};
		09C0D77627DCD1FF00990047 /* AddTodo */ = {
			isa = PBXGroup;
			children = (
				09C0D77727DCD22A00990047 /* AddTodoView.swift */,
			);
			path = AddTodo;
			sourceTree = "<group>";
		};
		09C0D77E27DCE63D00990047 /* Frameworks */ = {
			isa = PBXGroup;
			children = (
				09C0D77F27DCE63D00990047 /* WidgetKit.framework */,
				09C0D78127DCE63D00990047 /* SwiftUI.framework */,
			);
			name = Frameworks;
			sourceTree = "<group>";
		};
		09C0D78327DCE63D00990047 /* TodoWidget */ = {
			isa = PBXGroup;
			children = (
				09C0D78427DCE63D00990047 /* TodoWidget.swift */,
				09C0D79B27DDD25C00990047 /* PriorityWidget.swift */,
				09C0D7C527DDD9D100990047 /* TodoWidgetBundle.swift */,
				09C0D79727DDCC0C00990047 /* PrioritySelection.intentdefinition */,
				09C0D79427DD1A4C00990047 /* TodoWidgetType.swift */,
				09C0D78627DCE64000990047 /* Assets.xcassets */,
				09C0D78827DCE64000990047 /* Info.plist */,
			);
			path = TodoWidget;
			sourceTree = "<group>";
		};
/* End PBXGroup section */

/* Begin PBXNativeTarget section */
		09C0D72C27DC7BB800990047 /* TodoReminder */ = {
			isa = PBXNativeTarget;
			buildConfigurationList = 09C0D75627DC7BC100990047 /* Build configuration list for PBXNativeTarget "TodoReminder" */;
			buildPhases = (
				09C0D72927DC7BB800990047 /* Sources */,
				09C0D72A27DC7BB800990047 /* Frameworks */,
				09C0D72B27DC7BB800990047 /* Resources */,
				09C0D78F27DCE64000990047 /* Embed App Extensions */,
			);
			buildRules = (
			);
			dependencies = (
				09C0D78A27DCE64000990047 /* PBXTargetDependency */,
			);
			name = TodoReminder;
			productName = TodoReminder;
			productReference = 09C0D72D27DC7BB800990047 /* TodoReminder.app */;
			productType = "com.apple.product-type.application";
		};
		09C0D74127DC7BC100990047 /* TodoReminderTests */ = {
			isa = PBXNativeTarget;
			buildConfigurationList = 09C0D75927DC7BC100990047 /* Build configuration list for PBXNativeTarget "TodoReminderTests" */;
			buildPhases = (
				09C0D73E27DC7BC100990047 /* Sources */,
				09C0D73F27DC7BC100990047 /* Frameworks */,
				09C0D74027DC7BC100990047 /* Resources */,
			);
			buildRules = (
			);
			dependencies = (
				09C0D74427DC7BC100990047 /* PBXTargetDependency */,
			);
			name = TodoReminderTests;
			productName = TodoReminderTests;
			productReference = 09C0D74227DC7BC100990047 /* TodoReminderTests.xctest */;
			productType = "com.apple.product-type.bundle.unit-test";
		};
		09C0D74B27DC7BC100990047 /* TodoReminderUITests */ = {
			isa = PBXNativeTarget;
			buildConfigurationList = 09C0D75C27DC7BC100990047 /* Build configuration list for PBXNativeTarget "TodoReminderUITests" */;
			buildPhases = (
				09C0D74827DC7BC100990047 /* Sources */,
				09C0D74927DC7BC100990047 /* Frameworks */,
				09C0D74A27DC7BC100990047 /* Resources */,
			);
			buildRules = (
			);
			dependencies = (
				09C0D74E27DC7BC100990047 /* PBXTargetDependency */,
			);
			name = TodoReminderUITests;
			productName = TodoReminderUITests;
			productReference = 09C0D74C27DC7BC100990047 /* TodoReminderUITests.xctest */;
			productType = "com.apple.product-type.bundle.ui-testing";
		};
		09C0D77C27DCE63D00990047 /* TodoWidgetExtension */ = {
			isa = PBXNativeTarget;
			buildConfigurationList = 09C0D78C27DCE64000990047 /* Build configuration list for PBXNativeTarget "TodoWidgetExtension" */;
			buildPhases = (
				09C0D77927DCE63D00990047 /* Sources */,
				09C0D77A27DCE63D00990047 /* Frameworks */,
				09C0D77B27DCE63D00990047 /* Resources */,
			);
			buildRules = (
			);
			dependencies = (
			);
			name = TodoWidgetExtension;
			productName = TodoWidgetExtension;
			productReference = 09C0D77D27DCE63D00990047 /* TodoWidgetExtension.appex */;
			productType = "com.apple.product-type.app-extension";
		};
/* End PBXNativeTarget section */

/* Begin PBXProject section */
		09C0D72527DC7BB800990047 /* Project object */ = {
			isa = PBXProject;
			attributes = {
				BuildIndependentTargetsInParallel = 1;
				LastSwiftUpdateCheck = 1320;
				LastUpgradeCheck = 1320;
				TargetAttributes = {
					09C0D72C27DC7BB800990047 = {
						CreatedOnToolsVersion = 13.2.1;
					};
					09C0D74127DC7BC100990047 = {
						CreatedOnToolsVersion = 13.2.1;
						TestTargetID = 09C0D72C27DC7BB800990047;
					};
					09C0D74B27DC7BC100990047 = {
						CreatedOnToolsVersion = 13.2.1;
						TestTargetID = 09C0D72C27DC7BB800990047;
					};
					09C0D77C27DCE63D00990047 = {
						CreatedOnToolsVersion = 13.2.1;
					};
				};
			};
			buildConfigurationList = 09C0D72827DC7BB800990047 /* Build configuration list for PBXProject "TodoReminder" */;
			compatibilityVersion = "Xcode 13.0";
			developmentRegion = en;
			hasScannedForEncodings = 0;
			knownRegions = (
				en,
				Base,
			);
			mainGroup = 09C0D72427DC7BB800990047;
			productRefGroup = 09C0D72E27DC7BB800990047 /* Products */;
			projectDirPath = "";
			projectRoot = "";
			targets = (
				09C0D72C27DC7BB800990047 /* TodoReminder */,
				09C0D74127DC7BC100990047 /* TodoReminderTests */,
				09C0D74B27DC7BC100990047 /* TodoReminderUITests */,
				09C0D77C27DCE63D00990047 /* TodoWidgetExtension */,
			);
		};
/* End PBXProject section */

/* Begin PBXResourcesBuildPhase section */
		09C0D72B27DC7BB800990047 /* Resources */ = {
			isa = PBXResourcesBuildPhase;
			buildActionMask = 2147483647;
			files = (
				09C0D77527DC9BBA00990047 /* Preview Assets.xcassets in Resources */,
				09C0D73527DC7BBF00990047 /* Assets.xcassets in Resources */,
			);
			runOnlyForDeploymentPostprocessing = 0;
		};
		09C0D74027DC7BC100990047 /* Resources */ = {
			isa = PBXResourcesBuildPhase;
			buildActionMask = 2147483647;
			files = (
			);
			runOnlyForDeploymentPostprocessing = 0;
		};
		09C0D74A27DC7BC100990047 /* Resources */ = {
			isa = PBXResourcesBuildPhase;
			buildActionMask = 2147483647;
			files = (
			);
			runOnlyForDeploymentPostprocessing = 0;
		};
		09C0D77B27DCE63D00990047 /* Resources */ = {
			isa = PBXResourcesBuildPhase;
			buildActionMask = 2147483647;
			files = (
				09C0D78727DCE64000990047 /* Assets.xcassets in Resources */,
			);
			runOnlyForDeploymentPostprocessing = 0;
		};
/* End PBXResourcesBuildPhase section */

/* Begin PBXSourcesBuildPhase section */
		09C0D72927DC7BB800990047 /* Sources */ = {
			isa = PBXSourcesBuildPhase;
			buildActionMask = 2147483647;
			files = (
				09C0D76527DC884700990047 /* Todo.xcdatamodeld in Sources */,
				09C0D77227DC96A200990047 /* TodoDetailView.swift in Sources */,
				09C0D77827DCD22A00990047 /* AddTodoView.swift in Sources */,
				09C0D76D27DC912D00990047 /* TodoListStore.swift in Sources */,
				09C0D76227DC854500990047 /* TodoListView.swift in Sources */,
				09C0D73127DC7BB800990047 /* TodoReminderApp.swift in Sources */,
				09C0D76F27DC963900990047 /* TodoListViewModel.swift in Sources */,
				09C0D79927DDCC2100990047 /* PrioritySelection.intentdefinition in Sources */,
			);
			runOnlyForDeploymentPostprocessing = 0;
		};
		09C0D73E27DC7BC100990047 /* Sources */ = {
			isa = PBXSourcesBuildPhase;
			buildActionMask = 2147483647;
			files = (
				09C0D74727DC7BC100990047 /* TodoReminderTests.swift in Sources */,
			);
			runOnlyForDeploymentPostprocessing = 0;
		};
		09C0D74827DC7BC100990047 /* Sources */ = {
			isa = PBXSourcesBuildPhase;
			buildActionMask = 2147483647;
			files = (
				09C0D75327DC7BC100990047 /* TodoReminderUITestsLaunchTests.swift in Sources */,
				09C0D75127DC7BC100990047 /* TodoReminderUITests.swift in Sources */,
			);
			runOnlyForDeploymentPostprocessing = 0;
		};
		09C0D77927DCE63D00990047 /* Sources */ = {
			isa = PBXSourcesBuildPhase;
			buildActionMask = 2147483647;
			files = (
				09C0D79827DDCC0C00990047 /* PrioritySelection.intentdefinition in Sources */,
				09C0D79327DD19FA00990047 /* TodoListStore.swift in Sources */,
				09C0D7C627DDD9D100990047 /* TodoWidgetBundle.swift in Sources */,
				09C0D78527DCE63D00990047 /* TodoWidget.swift in Sources */,
				09C0D79C27DDD25C00990047 /* PriorityWidget.swift in Sources */,
				09C0D79227DD157B00990047 /* Todo.xcdatamodeld in Sources */,
				09C0D79627DD1AB000990047 /* TodoWidgetType.swift in Sources */,
			);
			runOnlyForDeploymentPostprocessing = 0;
		};
/* End PBXSourcesBuildPhase section */

/* Begin PBXTargetDependency section */
		09C0D74427DC7BC100990047 /* PBXTargetDependency */ = {
			isa = PBXTargetDependency;
			target = 09C0D72C27DC7BB800990047 /* TodoReminder */;
			targetProxy = 09C0D74327DC7BC100990047 /* PBXContainerItemProxy */;
		};
		09C0D74E27DC7BC100990047 /* PBXTargetDependency */ = {
			isa = PBXTargetDependency;
			target = 09C0D72C27DC7BB800990047 /* TodoReminder */;
			targetProxy = 09C0D74D27DC7BC100990047 /* PBXContainerItemProxy */;
		};
		09C0D78A27DCE64000990047 /* PBXTargetDependency */ = {
			isa = PBXTargetDependency;
			target = 09C0D77C27DCE63D00990047 /* TodoWidgetExtension */;
			targetProxy = 09C0D78927DCE64000990047 /* PBXContainerItemProxy */;
		};
/* End PBXTargetDependency section */

/* Begin XCBuildConfiguration section */
		09C0D75427DC7BC100990047 /* Debug */ = {
			isa = XCBuildConfiguration;
			buildSettings = {
				ALWAYS_SEARCH_USER_PATHS = NO;
				CLANG_ANALYZER_NONNULL = YES;
				CLANG_ANALYZER_NUMBER_OBJECT_CONVERSION = YES_AGGRESSIVE;
				CLANG_CXX_LANGUAGE_STANDARD = "gnu++17";
				CLANG_CXX_LIBRARY = "libc++";
				CLANG_ENABLE_MODULES = YES;
				CLANG_ENABLE_OBJC_ARC = YES;
				CLANG_ENABLE_OBJC_WEAK = YES;
				CLANG_WARN_BLOCK_CAPTURE_AUTORELEASING = YES;
				CLANG_WARN_BOOL_CONVERSION = YES;
				CLANG_WARN_COMMA = YES;
				CLANG_WARN_CONSTANT_CONVERSION = YES;
				CLANG_WARN_DEPRECATED_OBJC_IMPLEMENTATIONS = YES;
				CLANG_WARN_DIRECT_OBJC_ISA_USAGE = YES_ERROR;
				CLANG_WARN_DOCUMENTATION_COMMENTS = YES;
				CLANG_WARN_EMPTY_BODY = YES;
				CLANG_WARN_ENUM_CONVERSION = YES;
				CLANG_WARN_INFINITE_RECURSION = YES;
				CLANG_WARN_INT_CONVERSION = YES;
				CLANG_WARN_NON_LITERAL_NULL_CONVERSION = YES;
				CLANG_WARN_OBJC_IMPLICIT_RETAIN_SELF = YES;
				CLANG_WARN_OBJC_LITERAL_CONVERSION = YES;
				CLANG_WARN_OBJC_ROOT_CLASS = YES_ERROR;
				CLANG_WARN_QUOTED_INCLUDE_IN_FRAMEWORK_HEADER = YES;
				CLANG_WARN_RANGE_LOOP_ANALYSIS = YES;
				CLANG_WARN_STRICT_PROTOTYPES = YES;
				CLANG_WARN_SUSPICIOUS_MOVE = YES;
				CLANG_WARN_UNGUARDED_AVAILABILITY = YES_AGGRESSIVE;
				CLANG_WARN_UNREACHABLE_CODE = YES;
				CLANG_WARN__DUPLICATE_METHOD_MATCH = YES;
				COPY_PHASE_STRIP = NO;
				DEBUG_INFORMATION_FORMAT = dwarf;
				ENABLE_STRICT_OBJC_MSGSEND = YES;
				ENABLE_TESTABILITY = YES;
				GCC_C_LANGUAGE_STANDARD = gnu11;
				GCC_DYNAMIC_NO_PIC = NO;
				GCC_NO_COMMON_BLOCKS = YES;
				GCC_OPTIMIZATION_LEVEL = 0;
				GCC_PREPROCESSOR_DEFINITIONS = (
					"DEBUG=1",
					"$(inherited)",
				);
				GCC_WARN_64_TO_32_BIT_CONVERSION = YES;
				GCC_WARN_ABOUT_RETURN_TYPE = YES_ERROR;
				GCC_WARN_UNDECLARED_SELECTOR = YES;
				GCC_WARN_UNINITIALIZED_AUTOS = YES_AGGRESSIVE;
				GCC_WARN_UNUSED_FUNCTION = YES;
				GCC_WARN_UNUSED_VARIABLE = YES;
				IPHONEOS_DEPLOYMENT_TARGET = 15.0;
				MTL_ENABLE_DEBUG_INFO = INCLUDE_SOURCE;
				MTL_FAST_MATH = YES;
				ONLY_ACTIVE_ARCH = YES;
				SDKROOT = iphoneos;
				SWIFT_ACTIVE_COMPILATION_CONDITIONS = DEBUG;
				SWIFT_OPTIMIZATION_LEVEL = "-Onone";
			};
			name = Debug;
		};
		09C0D75527DC7BC100990047 /* Release */ = {
			isa = XCBuildConfiguration;
			buildSettings = {
				ALWAYS_SEARCH_USER_PATHS = NO;
				CLANG_ANALYZER_NONNULL = YES;
				CLANG_ANALYZER_NUMBER_OBJECT_CONVERSION = YES_AGGRESSIVE;
				CLANG_CXX_LANGUAGE_STANDARD = "gnu++17";
				CLANG_CXX_LIBRARY = "libc++";
				CLANG_ENABLE_MODULES = YES;
				CLANG_ENABLE_OBJC_ARC = YES;
				CLANG_ENABLE_OBJC_WEAK = YES;
				CLANG_WARN_BLOCK_CAPTURE_AUTORELEASING = YES;
				CLANG_WARN_BOOL_CONVERSION = YES;
				CLANG_WARN_COMMA = YES;
				CLANG_WARN_CONSTANT_CONVERSION = YES;
				CLANG_WARN_DEPRECATED_OBJC_IMPLEMENTATIONS = YES;
				CLANG_WARN_DIRECT_OBJC_ISA_USAGE = YES_ERROR;
				CLANG_WARN_DOCUMENTATION_COMMENTS = YES;
				CLANG_WARN_EMPTY_BODY = YES;
				CLANG_WARN_ENUM_CONVERSION = YES;
				CLANG_WARN_INFINITE_RECURSION = YES;
				CLANG_WARN_INT_CONVERSION = YES;
				CLANG_WARN_NON_LITERAL_NULL_CONVERSION = YES;
				CLANG_WARN_OBJC_IMPLICIT_RETAIN_SELF = YES;
				CLANG_WARN_OBJC_LITERAL_CONVERSION = YES;
				CLANG_WARN_OBJC_ROOT_CLASS = YES_ERROR;
				CLANG_WARN_QUOTED_INCLUDE_IN_FRAMEWORK_HEADER = YES;
				CLANG_WARN_RANGE_LOOP_ANALYSIS = YES;
				CLANG_WARN_STRICT_PROTOTYPES = YES;
				CLANG_WARN_SUSPICIOUS_MOVE = YES;
				CLANG_WARN_UNGUARDED_AVAILABILITY = YES_AGGRESSIVE;
				CLANG_WARN_UNREACHABLE_CODE = YES;
				CLANG_WARN__DUPLICATE_METHOD_MATCH = YES;
				COPY_PHASE_STRIP = NO;
				DEBUG_INFORMATION_FORMAT = "dwarf-with-dsym";
				ENABLE_NS_ASSERTIONS = NO;
				ENABLE_STRICT_OBJC_MSGSEND = YES;
				GCC_C_LANGUAGE_STANDARD = gnu11;
				GCC_NO_COMMON_BLOCKS = YES;
				GCC_WARN_64_TO_32_BIT_CONVERSION = YES;
				GCC_WARN_ABOUT_RETURN_TYPE = YES_ERROR;
				GCC_WARN_UNDECLARED_SELECTOR = YES;
				GCC_WARN_UNINITIALIZED_AUTOS = YES_AGGRESSIVE;
				GCC_WARN_UNUSED_FUNCTION = YES;
				GCC_WARN_UNUSED_VARIABLE = YES;
				IPHONEOS_DEPLOYMENT_TARGET = 15.0;
				MTL_ENABLE_DEBUG_INFO = NO;
				MTL_FAST_MATH = YES;
				SDKROOT = iphoneos;
				SWIFT_COMPILATION_MODE = wholemodule;
				SWIFT_OPTIMIZATION_LEVEL = "-O";
				VALIDATE_PRODUCT = YES;
			};
			name = Release;
		};
		09C0D75727DC7BC100990047 /* Debug */ = {
			isa = XCBuildConfiguration;
			buildSettings = {
				ALWAYS_EMBED_SWIFT_STANDARD_LIBRARIES = YES;
				ASSETCATALOG_COMPILER_APPICON_NAME = AppIcon;
				ASSETCATALOG_COMPILER_GLOBAL_ACCENT_COLOR_NAME = AccentColor;
				CODE_SIGN_ENTITLEMENTS = TodoReminder/TodoReminder.entitlements;
				CODE_SIGN_STYLE = Automatic;
				CURRENT_PROJECT_VERSION = 1;
				DEVELOPMENT_ASSET_PATHS = "\"TodoReminder/Preview Content\"";
				DEVELOPMENT_TEAM = 58F4SK879Y;
				ENABLE_PREVIEWS = YES;
				GENERATE_INFOPLIST_FILE = YES;
				INFOPLIST_FILE = TodoReminder/Info.plist;
				INFOPLIST_KEY_UIApplicationSceneManifest_Generation = YES;
				INFOPLIST_KEY_UIApplicationSupportsIndirectInputEvents = YES;
				INFOPLIST_KEY_UILaunchScreen_Generation = YES;
				INFOPLIST_KEY_UISupportedInterfaceOrientations_iPad = "UIInterfaceOrientationPortrait UIInterfaceOrientationPortraitUpsideDown UIInterfaceOrientationLandscapeLeft UIInterfaceOrientationLandscapeRight";
				INFOPLIST_KEY_UISupportedInterfaceOrientations_iPhone = "UIInterfaceOrientationPortrait UIInterfaceOrientationLandscapeLeft UIInterfaceOrientationLandscapeRight";
				LD_RUNPATH_SEARCH_PATHS = (
					"$(inherited)",
					"@executable_path/Frameworks",
				);
				MARKETING_VERSION = 1.0;
				PRODUCT_BUNDLE_IDENTIFIER = terry.TodoReminder;
				PRODUCT_NAME = "$(TARGET_NAME)";
				SWIFT_EMIT_LOC_STRINGS = YES;
				SWIFT_VERSION = 5.0;
				TARGETED_DEVICE_FAMILY = "1,2";
			};
			name = Debug;
		};
		09C0D75827DC7BC100990047 /* Release */ = {
			isa = XCBuildConfiguration;
			buildSettings = {
				ALWAYS_EMBED_SWIFT_STANDARD_LIBRARIES = YES;
				ASSETCATALOG_COMPILER_APPICON_NAME = AppIcon;
				ASSETCATALOG_COMPILER_GLOBAL_ACCENT_COLOR_NAME = AccentColor;
				CODE_SIGN_ENTITLEMENTS = TodoReminder/TodoReminder.entitlements;
				CODE_SIGN_STYLE = Automatic;
				CURRENT_PROJECT_VERSION = 1;
				DEVELOPMENT_ASSET_PATHS = "\"TodoReminder/Preview Content\"";
				DEVELOPMENT_TEAM = 58F4SK879Y;
				ENABLE_PREVIEWS = YES;
				GENERATE_INFOPLIST_FILE = YES;
				INFOPLIST_FILE = TodoReminder/Info.plist;
				INFOPLIST_KEY_UIApplicationSceneManifest_Generation = YES;
				INFOPLIST_KEY_UIApplicationSupportsIndirectInputEvents = YES;
				INFOPLIST_KEY_UILaunchScreen_Generation = YES;
				INFOPLIST_KEY_UISupportedInterfaceOrientations_iPad = "UIInterfaceOrientationPortrait UIInterfaceOrientationPortraitUpsideDown UIInterfaceOrientationLandscapeLeft UIInterfaceOrientationLandscapeRight";
				INFOPLIST_KEY_UISupportedInterfaceOrientations_iPhone = "UIInterfaceOrientationPortrait UIInterfaceOrientationLandscapeLeft UIInterfaceOrientationLandscapeRight";
				LD_RUNPATH_SEARCH_PATHS = (
					"$(inherited)",
					"@executable_path/Frameworks",
				);
				MARKETING_VERSION = 1.0;
				PRODUCT_BUNDLE_IDENTIFIER = terry.TodoReminder;
				PRODUCT_NAME = "$(TARGET_NAME)";
				SWIFT_EMIT_LOC_STRINGS = YES;
				SWIFT_VERSION = 5.0;
				TARGETED_DEVICE_FAMILY = "1,2";
			};
			name = Release;
		};
		09C0D75A27DC7BC100990047 /* Debug */ = {
			isa = XCBuildConfiguration;
			buildSettings = {
				ALWAYS_EMBED_SWIFT_STANDARD_LIBRARIES = YES;
				BUNDLE_LOADER = "$(TEST_HOST)";
				CODE_SIGN_STYLE = Automatic;
				CURRENT_PROJECT_VERSION = 1;
				DEVELOPMENT_TEAM = 58F4SK879Y;
				GENERATE_INFOPLIST_FILE = YES;
				IPHONEOS_DEPLOYMENT_TARGET = 15.2;
				MARKETING_VERSION = 1.0;
				PRODUCT_BUNDLE_IDENTIFIER = terry.TodoReminderTests;
				PRODUCT_NAME = "$(TARGET_NAME)";
				SWIFT_EMIT_LOC_STRINGS = NO;
				SWIFT_VERSION = 5.0;
				TARGETED_DEVICE_FAMILY = "1,2";
				TEST_HOST = "$(BUILT_PRODUCTS_DIR)/TodoReminder.app/TodoReminder";
			};
			name = Debug;
		};
		09C0D75B27DC7BC100990047 /* Release */ = {
			isa = XCBuildConfiguration;
			buildSettings = {
				ALWAYS_EMBED_SWIFT_STANDARD_LIBRARIES = YES;
				BUNDLE_LOADER = "$(TEST_HOST)";
				CODE_SIGN_STYLE = Automatic;
				CURRENT_PROJECT_VERSION = 1;
				DEVELOPMENT_TEAM = 58F4SK879Y;
				GENERATE_INFOPLIST_FILE = YES;
				IPHONEOS_DEPLOYMENT_TARGET = 15.2;
				MARKETING_VERSION = 1.0;
				PRODUCT_BUNDLE_IDENTIFIER = terry.TodoReminderTests;
				PRODUCT_NAME = "$(TARGET_NAME)";
				SWIFT_EMIT_LOC_STRINGS = NO;
				SWIFT_VERSION = 5.0;
				TARGETED_DEVICE_FAMILY = "1,2";
				TEST_HOST = "$(BUILT_PRODUCTS_DIR)/TodoReminder.app/TodoReminder";
			};
			name = Release;
		};
		09C0D75D27DC7BC100990047 /* Debug */ = {
			isa = XCBuildConfiguration;
			buildSettings = {
				ALWAYS_EMBED_SWIFT_STANDARD_LIBRARIES = YES;
				CODE_SIGN_STYLE = Automatic;
				CURRENT_PROJECT_VERSION = 1;
				DEVELOPMENT_TEAM = 58F4SK879Y;
				GENERATE_INFOPLIST_FILE = YES;
				MARKETING_VERSION = 1.0;
				PRODUCT_BUNDLE_IDENTIFIER = terry.TodoReminderUITests;
				PRODUCT_NAME = "$(TARGET_NAME)";
				SWIFT_EMIT_LOC_STRINGS = NO;
				SWIFT_VERSION = 5.0;
				TARGETED_DEVICE_FAMILY = "1,2";
				TEST_TARGET_NAME = TodoReminder;
			};
			name = Debug;
		};
		09C0D75E27DC7BC100990047 /* Release */ = {
			isa = XCBuildConfiguration;
			buildSettings = {
				ALWAYS_EMBED_SWIFT_STANDARD_LIBRARIES = YES;
				CODE_SIGN_STYLE = Automatic;
				CURRENT_PROJECT_VERSION = 1;
				DEVELOPMENT_TEAM = 58F4SK879Y;
				GENERATE_INFOPLIST_FILE = YES;
				MARKETING_VERSION = 1.0;
				PRODUCT_BUNDLE_IDENTIFIER = terry.TodoReminderUITests;
				PRODUCT_NAME = "$(TARGET_NAME)";
				SWIFT_EMIT_LOC_STRINGS = NO;
				SWIFT_VERSION = 5.0;
				TARGETED_DEVICE_FAMILY = "1,2";
				TEST_TARGET_NAME = TodoReminder;
			};
			name = Release;
		};
		09C0D78D27DCE64000990047 /* Debug */ = {
			isa = XCBuildConfiguration;
			buildSettings = {
				ASSETCATALOG_COMPILER_GLOBAL_ACCENT_COLOR_NAME = AccentColor;
				ASSETCATALOG_COMPILER_WIDGET_BACKGROUND_COLOR_NAME = WidgetBackground;
				CODE_SIGN_ENTITLEMENTS = TodoWidgetExtension.entitlements;
				CODE_SIGN_STYLE = Automatic;
				CURRENT_PROJECT_VERSION = 1;
				DEVELOPMENT_TEAM = 58F4SK879Y;
				GENERATE_INFOPLIST_FILE = YES;
				INFOPLIST_FILE = TodoWidget/Info.plist;
				INFOPLIST_KEY_CFBundleDisplayName = TodoWidget;
				INFOPLIST_KEY_NSHumanReadableCopyright = "";
				IPHONEOS_DEPLOYMENT_TARGET = 15.0;
				LD_RUNPATH_SEARCH_PATHS = (
					"$(inherited)",
					"@executable_path/Frameworks",
					"@executable_path/../../Frameworks",
				);
				MARKETING_VERSION = 1.0;
				PRODUCT_BUNDLE_IDENTIFIER = terry.TodoReminder.TodoWidget;
				PRODUCT_NAME = "$(TARGET_NAME)";
				SKIP_INSTALL = YES;
				SWIFT_EMIT_LOC_STRINGS = YES;
				SWIFT_VERSION = 5.0;
				TARGETED_DEVICE_FAMILY = "1,2";
			};
			name = Debug;
		};
		09C0D78E27DCE64000990047 /* Release */ = {
			isa = XCBuildConfiguration;
			buildSettings = {
				ASSETCATALOG_COMPILER_GLOBAL_ACCENT_COLOR_NAME = AccentColor;
				ASSETCATALOG_COMPILER_WIDGET_BACKGROUND_COLOR_NAME = WidgetBackground;
				CODE_SIGN_ENTITLEMENTS = TodoWidgetExtension.entitlements;
				CODE_SIGN_STYLE = Automatic;
				CURRENT_PROJECT_VERSION = 1;
				DEVELOPMENT_TEAM = 58F4SK879Y;
				GENERATE_INFOPLIST_FILE = YES;
				INFOPLIST_FILE = TodoWidget/Info.plist;
				INFOPLIST_KEY_CFBundleDisplayName = TodoWidget;
				INFOPLIST_KEY_NSHumanReadableCopyright = "";
				IPHONEOS_DEPLOYMENT_TARGET = 15.0;
				LD_RUNPATH_SEARCH_PATHS = (
					"$(inherited)",
					"@executable_path/Frameworks",
					"@executable_path/../../Frameworks",
				);
				MARKETING_VERSION = 1.0;
				PRODUCT_BUNDLE_IDENTIFIER = terry.TodoReminder.TodoWidget;
				PRODUCT_NAME = "$(TARGET_NAME)";
				SKIP_INSTALL = YES;
				SWIFT_EMIT_LOC_STRINGS = YES;
				SWIFT_VERSION = 5.0;
				TARGETED_DEVICE_FAMILY = "1,2";
			};
			name = Release;
		};
/* End XCBuildConfiguration section */

/* Begin XCConfigurationList section */
		09C0D72827DC7BB800990047 /* Build configuration list for PBXProject "TodoReminder" */ = {
			isa = XCConfigurationList;
			buildConfigurations = (
				09C0D75427DC7BC100990047 /* Debug */,
				09C0D75527DC7BC100990047 /* Release */,
			);
			defaultConfigurationIsVisible = 0;
			defaultConfigurationName = Release;
		};
		09C0D75627DC7BC100990047 /* Build configuration list for PBXNativeTarget "TodoReminder" */ = {
			isa = XCConfigurationList;
			buildConfigurations = (
				09C0D75727DC7BC100990047 /* Debug */,
				09C0D75827DC7BC100990047 /* Release */,
			);
			defaultConfigurationIsVisible = 0;
			defaultConfigurationName = Release;
		};
		09C0D75927DC7BC100990047 /* Build configuration list for PBXNativeTarget "TodoReminderTests" */ = {
			isa = XCConfigurationList;
			buildConfigurations = (
				09C0D75A27DC7BC100990047 /* Debug */,
				09C0D75B27DC7BC100990047 /* Release */,
			);
			defaultConfigurationIsVisible = 0;
			defaultConfigurationName = Release;
		};
		09C0D75C27DC7BC100990047 /* Build configuration list for PBXNativeTarget "TodoReminderUITests" */ = {
			isa = XCConfigurationList;
			buildConfigurations = (
				09C0D75D27DC7BC100990047 /* Debug */,
				09C0D75E27DC7BC100990047 /* Release */,
			);
			defaultConfigurationIsVisible = 0;
			defaultConfigurationName = Release;
		};
		09C0D78C27DCE64000990047 /* Build configuration list for PBXNativeTarget "TodoWidgetExtension" */ = {
			isa = XCConfigurationList;
			buildConfigurations = (
				09C0D78D27DCE64000990047 /* Debug */,
				09C0D78E27DCE64000990047 /* Release */,
			);
			defaultConfigurationIsVisible = 0;
			defaultConfigurationName = Release;
		};
/* End XCConfigurationList section */

/* Begin XCVersionGroup section */
		09C0D76327DC884700990047 /* Todo.xcdatamodeld */ = {
			isa = XCVersionGroup;
			children = (
				09C0D76427DC884700990047 /* Todo.xcdatamodel */,
			);
			currentVersion = 09C0D76427DC884700990047 /* Todo.xcdatamodel */;
			path = Todo.xcdatamodeld;
			sourceTree = "<group>";
			versionGroupType = wrapper.xcdatamodel;
		};
/* End XCVersionGroup section */
	};
	rootObject = 09C0D72527DC7BB800990047 /* Project object */;
}
